{
  "version": 4,
  "terraform_version": "1.11.4",
  "serial": 1,
  "lineage": "1c93b5e9-9d76-24cc-926b-4e5c7c9f13b4",
  "outputs": {},
  "resources": [
    {
      "mode": "managed",
      "type": "openstack_compute_instance_v2",
      "name": "basic",
      "provider": "provider[\"registry.terraform.io/terraform-provider-openstack/openstack\"]",
      "instances": [
        {
          "schema_version": 0,
          "attributes": {
            "access_ip_v4": "172.16.1.165",
            "access_ip_v6": "",
            "admin_pass": null,
            "all_metadata": {},
            "all_tags": [],
            "availability_zone": "nova",
            "availability_zone_hints": null,
            "block_device": [],
            "config_drive": null,
            "created": "2025-05-14 08:36:45 +0000 UTC",
            "flavor_id": "1",
            "flavor_name": "m1.tiny",
            "floating_ip": null,
            "force_delete": false,
            "id": "0a011476-33a9-4676-a786-cbc3daed5d46",
            "image_id": "0e05e5d9-2ea3-4ef5-935e-90fdc6acfb06",
            "image_name": "cirros",
            "key_pair": "",
            "metadata": null,
            "name": "cirros1",
            "network": [
              {
                "access_network": false,
                "fixed_ip_v4": "172.16.1.165",
                "fixed_ip_v6": "",
                "floating_ip": "",
                "mac": "fa:16:3e:82:dd:fb",
                "name": "mynet",
                "port": "",
                "uuid": "38a31aec-1cd2-4ca9-997e-c6b24d4e13dd"
              }
            ],
            "network_mode": null,
            "personality": [],
            "power_state": "active",
            "region": "RegionOne",
            "scheduler_hints": [],
            "security_groups": [
              "default"
            ],
            "stop_before_destroy": false,
            "tags": null,
            "timeouts": null,
            "updated": "2025-05-14 08:37:04 +0000 UTC",
            "user_data": null,
            "vendor_options": [],
            "volume": []
          },
          "sensitive_attributes": [
            [
              {
                "type": "get_attr",
                "value": "admin_pass"
              }
            ]
          ],
          "private": "eyJlMmJmYjczMC1lY2FhLTExZTYtOGY4OC0zNDM2M2JjN2M0YzAiOnsiY3JlYXRlIjoxODAwMDAwMDAwMDAwLCJkZWxldGUiOjE4MDAwMDAwMDAwMDAsInVwZGF0ZSI6MTgwMDAwMDAwMDAwMH19"
        }
      ]
    }
  ],
  "check_results": null
}
