{
  "version": 4,
  "terraform_version": "1.11.4",
  "serial": 74,
  "lineage": "0cb96681-5203-f39d-e5c0-9c0f0fea2de8",
  "outputs": {
    "alb_dnsname": {
      "value": "example-alb-215372389.ap-northeast-2.elb.amazonaws.com",
      "type": "string"
    },
    "asg_instances_public_ips": {
      "value": [
        "3.36.66.181",
        "43.203.235.91"
      ],
      "type": [
        "list",
        "string"
      ]
    }
  },
  "resources": [
    {
      "mode": "data",
      "type": "aws_instances",
      "name": "asg_instances",
      "provider": "provider[\"registry.terraform.io/hashicorp/aws\"]",
      "instances": [
        {
          "schema_version": 0,
          "attributes": {
            "filter": [
              {
                "name": "tag:Name",
                "values": [
                  "example-asg-instance"
                ]
              }
            ],
            "id": "ap-northeast-2",
            "ids": [
              "i-0604744efbb08cddc",
              "i-0f709922ae8a31371"
            ],
            "instance_state_names": null,
            "instance_tags": null,
            "ipv6_addresses": [],
            "private_ips": [
              "172.31.44.63",
              "172.31.1.198"
            ],
            "public_ips": [
              "3.36.66.181",
              "43.203.235.91"
            ],
            "timeouts": null
          },
          "sensitive_attributes": []
        }
      ]
    },
    {
      "mode": "data",
      "type": "aws_subnets",
      "name": "default",
      "provider": "provider[\"registry.terraform.io/hashicorp/aws\"]",
      "instances": [
        {
          "schema_version": 0,
          "attributes": {
            "filter": [
              {
                "name": "vpc-id",
                "values": [
                  "vpc-0be015e15a127a813"
                ]
              }
            ],
            "id": "ap-northeast-2",
            "ids": [
              "subnet-0dde605775467d975",
              "subnet-05f9f9613236e438d",
              "subnet-0d29b475a289815c4",
              "subnet-02b40c23c79bc0c7f"
            ],
            "tags": null,
            "timeouts": null
          },
          "sensitive_attributes": []
        }
      ]
    },
    {
      "mode": "data",
      "type": "aws_vpc",
      "name": "default",
      "provider": "provider[\"registry.terraform.io/hashicorp/aws\"]",
      "instances": [
        {
          "schema_version": 0,
          "attributes": {
            "arn": "arn:aws:ec2:ap-northeast-2:939735320461:vpc/vpc-0be015e15a127a813",
            "cidr_block": "172.31.0.0/16",
            "cidr_block_associations": [
              {
                "association_id": "vpc-cidr-assoc-0844e0fe0494c2463",
                "cidr_block": "172.31.0.0/16",
                "state": "associated"
              }
            ],
            "default": true,
            "dhcp_options_id": "dopt-0946a0de0cb1bcec9",
            "enable_dns_hostnames": true,
            "enable_dns_support": true,
            "enable_network_address_usage_metrics": false,
            "filter": null,
            "id": "vpc-0be015e15a127a813",
            "instance_tenancy": "default",
            "ipv6_association_id": "",
            "ipv6_cidr_block": "",
            "main_route_table_id": "rtb-0e0c1d473f1b9f917",
            "owner_id": "939735320461",
            "state": null,
            "tags": {},
            "timeouts": null
          },
          "sensitive_attributes": []
        }
      ]
    },
    {
      "mode": "managed",
      "type": "aws_autoscaling_attachment",
      "name": "example",
      "provider": "provider[\"registry.terraform.io/hashicorp/aws\"]",
      "instances": [
        {
          "schema_version": 0,
          "attributes": {
            "autoscaling_group_name": "example-asg",
            "elb": null,
            "id": "example-asg-20250516055423730100000002",
            "lb_target_group_arn": "arn:aws:elasticloadbalancing:ap-northeast-2:939735320461:targetgroup/example-alb-tg/99aef75ac5714c74"
          },
          "sensitive_attributes": [],
          "private": "bnVsbA==",
          "dependencies": [
            "aws_autoscaling_group.example",
            "aws_key_pair.testkey",
            "aws_launch_template.example",
            "aws_lb_target_group.example-alb-tg",
            "aws_security_group.instance-sg",
            "data.aws_subnets.default",
            "data.aws_vpc.default"
          ]
        }
      ]
    },
    {
      "mode": "managed",
      "type": "aws_autoscaling_group",
      "name": "example",
      "provider": "provider[\"registry.terraform.io/hashicorp/aws\"]",
      "instances": [
        {
          "schema_version": 1,
          "attributes": {
            "arn": "arn:aws:autoscaling:ap-northeast-2:939735320461:autoScalingGroup:31a03198-1640-4492-8b7d-35963b135db6:autoScalingGroupName/example-asg",
            "availability_zones": [
              "ap-northeast-2a",
              "ap-northeast-2b",
              "ap-northeast-2c",
              "ap-northeast-2d"
            ],
            "capacity_rebalance": false,
            "context": "",
            "default_cooldown": 300,
            "default_instance_warmup": 0,
            "desired_capacity": 2,
            "desired_capacity_type": "",
            "enabled_metrics": [],
            "force_delete": false,
            "force_delete_warm_pool": false,
            "health_check_grace_period": 300,
            "health_check_type": "EC2",
            "id": "example-asg",
            "ignore_failed_scaling_activities": false,
            "initial_lifecycle_hook": [],
            "instance_maintenance_policy": [],
            "instance_refresh": [],
            "launch_configuration": "",
            "launch_template": [
              {
                "id": "lt-00c265ab83dd427f3",
                "name": "example",
                "version": "$Latest"
              }
            ],
            "load_balancers": [],
            "max_instance_lifetime": 0,
            "max_size": 4,
            "metrics_granularity": "1Minute",
            "min_elb_capacity": null,
            "min_size": 2,
            "mixed_instances_policy": [],
            "name": "example-asg",
            "name_prefix": "",
            "placement_group": "",
            "predicted_capacity": 0,
            "protect_from_scale_in": false,
            "service_linked_role_arn": "arn:aws:iam::939735320461:role/aws-service-role/autoscaling.amazonaws.com/AWSServiceRoleForAutoScaling",
            "suspended_processes": [],
            "tag": [
              {
                "key": "Name",
                "propagate_at_launch": true,
                "value": "example-asg-instance"
              }
            ],
            "target_group_arns": [
              "arn:aws:elasticloadbalancing:ap-northeast-2:939735320461:targetgroup/example-alb-tg/99aef75ac5714c74"
            ],
            "termination_policies": [],
            "timeouts": null,
            "traffic_source": [
              {
                "identifier": "arn:aws:elasticloadbalancing:ap-northeast-2:939735320461:targetgroup/example-alb-tg/99aef75ac5714c74",
                "type": "elbv2"
              }
            ],
            "vpc_zone_identifier": [
              "subnet-02b40c23c79bc0c7f",
              "subnet-05f9f9613236e438d",
              "subnet-0d29b475a289815c4",
              "subnet-0dde605775467d975"
            ],
            "wait_for_capacity_timeout": "10m",
            "wait_for_elb_capacity": null,
            "warm_pool": [],
            "warm_pool_size": 0
          },
          "sensitive_attributes": [],
          "private": "eyJlMmJmYjczMC1lY2FhLTExZTYtOGY4OC0zNDM2M2JjN2M0YzAiOnsiZGVsZXRlIjo2MDAwMDAwMDAwMDAsInVwZGF0ZSI6NjAwMDAwMDAwMDAwfSwic2NoZW1hX3ZlcnNpb24iOiIxIn0=",
          "dependencies": [
            "aws_key_pair.testkey",
            "aws_launch_template.example",
            "aws_security_group.instance-sg",
            "data.aws_subnets.default",
            "data.aws_vpc.default"
          ]
        }
      ]
    },
    {
      "mode": "managed",
      "type": "aws_key_pair",
      "name": "testkey",
      "provider": "provider[\"registry.terraform.io/hashicorp/aws\"]",
      "instances": [
        {
          "schema_version": 1,
          "attributes": {
            "arn": "arn:aws:ec2:ap-northeast-2:939735320461:key-pair/hello-key",
            "fingerprint": "49:0a:2e:86:3e:f1:da:25:8b:66:cd:3d:6c:04:78:19",
            "id": "hello-key",
            "key_name": "hello-key",
            "key_name_prefix": "",
            "key_pair_id": "key-01172aaa77e3b4f86",
            "key_type": "rsa",
            "public_key": "ssh-rsa AAAAB3NzaC1yc2EAAAADAQABAAABgQCh7r8kFrwjYADGOjE14xlRMbdCTxhDRLKRBCWECnDOYQtIGHGO8B+i3dq3vn0BTRS4QUwjhjyTTy681053jJRQNeOTlNEW1+5X4OPwDINUq3SoLg8ihOYRfEbrNRoRuuCH2xrfP97BxHEonuUL8Quul0kR3K1LhuaTntJnRH/IU48ttcQ55bydMFNLZeXh3D5mB8SMUcg6xur7i0ofwbFUAlJm2Za75n9nErwtaJyWp2h2C7xjmW8I7kpvTozBjom6Xpts4sqHQa5TpUfwC0xKjFlzVhJsgZMSeQCbpwGSoXmXdtS6IxB3MA31Jg59OTdqg2dOR3j5KTtSLkU/6S36uPR/9HysOefgMoqcpHtTWaYHJQkmPhq5ck2YVcjbZxV9hievqE4wa/mLblf2b6uGVWJqvbRhENq+3nG6qE6SJnX0M7rz1uSep5C6vukSgPMSzvxhI/ZSkY/f6U1vSrAqxQ0ONWZG4JUV1jUmsNTZwXmXR9SmvizvnZwOapZfz4E= dso10@DESKTOP-1KKD145",
            "tags": {},
            "tags_all": {}
          },
          "sensitive_attributes": [],
          "private": "eyJzY2hlbWFfdmVyc2lvbiI6IjEifQ==",
          "create_before_destroy": true
        }
      ]
    },
    {
      "mode": "managed",
      "type": "aws_launch_template",
      "name": "example",
      "provider": "provider[\"registry.terraform.io/hashicorp/aws\"]",
      "instances": [
        {
          "schema_version": 0,
          "attributes": {
            "arn": "arn:aws:ec2:ap-northeast-2:939735320461:launch-template/lt-00c265ab83dd427f3",
            "block_device_mappings": [],
            "capacity_reservation_specification": [],
            "cpu_options": [],
            "credit_specification": [],
            "default_version": 1,
            "description": "",
            "disable_api_stop": false,
            "disable_api_termination": false,
            "ebs_optimized": "",
            "elastic_gpu_specifications": [],
            "elastic_inference_accelerator": [],
            "enclave_options": [],
            "hibernation_options": [],
            "iam_instance_profile": [],
            "id": "lt-00c265ab83dd427f3",
            "image_id": "ami-0f61efb6cfbcc18a4",
            "instance_initiated_shutdown_behavior": "",
            "instance_market_options": [],
            "instance_requirements": [],
            "instance_type": "t3.micro",
            "kernel_id": "",
            "key_name": "hello-key",
            "latest_version": 2,
            "license_specification": [],
            "maintenance_options": [],
            "metadata_options": [],
            "monitoring": [],
            "name": "example",
            "name_prefix": "",
            "network_interfaces": [],
            "placement": [],
            "private_dns_name_options": [],
            "ram_disk_id": "",
            "security_group_names": [],
            "tag_specifications": [
              {
                "resource_type": "instance",
                "tags": {
                  "Name": "example"
                }
              }
            ],
            "tags": {},
            "tags_all": {},
            "update_default_version": null,
            "user_data": "IyEvYmluL2Jhc2gKeXVtIC15IGluc3RhbGwgaHR0cGQKc2VkIC1pICJzL15MaXN0ZW4gODAkL0xpc3RlbiA4MDAzLyIgL2V0Yy9odHRwZC9jb25mL2h0dHBkLmNvbmYKZWNobyAiaGVsbG8iID4gL3Zhci93d3cvaHRtbC9pbmRleC5odG1sCnN5c3RlbWN0bCByZXN0YXJ0IGh0dHBkCg==",
            "vpc_security_group_ids": [
              "sg-0c2beee394b0788f1"
            ]
          },
          "sensitive_attributes": [],
          "private": "bnVsbA==",
          "dependencies": [
            "aws_key_pair.testkey",
            "aws_security_group.instance-sg"
          ],
          "create_before_destroy": true
        }
      ]
    },
    {
      "mode": "managed",
      "type": "aws_lb",
      "name": "example-alb",
      "provider": "provider[\"registry.terraform.io/hashicorp/aws\"]",
      "instances": [
        {
          "schema_version": 0,
          "attributes": {
            "access_logs": [
              {
                "bucket": "",
                "enabled": false,
                "prefix": ""
              }
            ],
            "arn": "arn:aws:elasticloadbalancing:ap-northeast-2:939735320461:loadbalancer/app/example-alb/f70466077c83c371",
            "arn_suffix": "app/example-alb/f70466077c83c371",
            "customer_owned_ipv4_pool": "",
            "desync_mitigation_mode": "defensive",
            "dns_name": "example-alb-215372389.ap-northeast-2.elb.amazonaws.com",
            "dns_record_client_routing_policy": null,
            "drop_invalid_header_fields": false,
            "enable_cross_zone_load_balancing": true,
            "enable_deletion_protection": false,
            "enable_http2": true,
            "enable_tls_version_and_cipher_suite_headers": false,
            "enable_waf_fail_open": false,
            "enable_xff_client_port": false,
            "id": "arn:aws:elasticloadbalancing:ap-northeast-2:939735320461:loadbalancer/app/example-alb/f70466077c83c371",
            "idle_timeout": 60,
            "internal": false,
            "ip_address_type": "ipv4",
            "load_balancer_type": "application",
            "name": "example-alb",
            "name_prefix": "",
            "preserve_host_header": false,
            "security_groups": [
              "sg-03c0a68fd7c753bc9"
            ],
            "subnet_mapping": [
              {
                "allocation_id": "",
                "ipv6_address": "",
                "outpost_id": "",
                "private_ipv4_address": "",
                "subnet_id": "subnet-02b40c23c79bc0c7f"
              },
              {
                "allocation_id": "",
                "ipv6_address": "",
                "outpost_id": "",
                "private_ipv4_address": "",
                "subnet_id": "subnet-05f9f9613236e438d"
              },
              {
                "allocation_id": "",
                "ipv6_address": "",
                "outpost_id": "",
                "private_ipv4_address": "",
                "subnet_id": "subnet-0d29b475a289815c4"
              },
              {
                "allocation_id": "",
                "ipv6_address": "",
                "outpost_id": "",
                "private_ipv4_address": "",
                "subnet_id": "subnet-0dde605775467d975"
              }
            ],
            "subnets": [
              "subnet-02b40c23c79bc0c7f",
              "subnet-05f9f9613236e438d",
              "subnet-0d29b475a289815c4",
              "subnet-0dde605775467d975"
            ],
            "tags": {
              "Name": "example-alb"
            },
            "tags_all": {
              "Name": "example-alb"
            },
            "timeouts": null,
            "vpc_id": "vpc-0be015e15a127a813",
            "xff_header_processing_mode": "append",
            "zone_id": "ZWKZPGTI48KDX"
          },
          "sensitive_attributes": [],
          "private": "eyJlMmJmYjczMC1lY2FhLTExZTYtOGY4OC0zNDM2M2JjN2M0YzAiOnsiY3JlYXRlIjo2MDAwMDAwMDAwMDAsImRlbGV0ZSI6NjAwMDAwMDAwMDAwLCJ1cGRhdGUiOjYwMDAwMDAwMDAwMH19",
          "dependencies": [
            "aws_security_group.alb-sg",
            "data.aws_subnets.default",
            "data.aws_vpc.default"
          ]
        }
      ]
    },
    {
      "mode": "managed",
      "type": "aws_lb_listener",
      "name": "example-alblistner",
      "provider": "provider[\"registry.terraform.io/hashicorp/aws\"]",
      "instances": [
        {
          "schema_version": 0,
          "attributes": {
            "alpn_policy": null,
            "arn": "arn:aws:elasticloadbalancing:ap-northeast-2:939735320461:listener/app/example-alb/f70466077c83c371/bdfab2b41f37d04b",
            "certificate_arn": null,
            "default_action": [
              {
                "authenticate_cognito": [],
                "authenticate_oidc": [],
                "fixed_response": [],
                "forward": [],
                "order": 1,
                "redirect": [],
                "target_group_arn": "arn:aws:elasticloadbalancing:ap-northeast-2:939735320461:targetgroup/example-alb-tg/99aef75ac5714c74",
                "type": "forward"
              }
            ],
            "id": "arn:aws:elasticloadbalancing:ap-northeast-2:939735320461:listener/app/example-alb/f70466077c83c371/bdfab2b41f37d04b",
            "load_balancer_arn": "arn:aws:elasticloadbalancing:ap-northeast-2:939735320461:loadbalancer/app/example-alb/f70466077c83c371",
            "port": 80,
            "protocol": "HTTP",
            "ssl_policy": "",
            "tags": {},
            "tags_all": {},
            "timeouts": null
          },
          "sensitive_attributes": [],
          "private": "eyJlMmJmYjczMC1lY2FhLTExZTYtOGY4OC0zNDM2M2JjN2M0YzAiOnsicmVhZCI6NjAwMDAwMDAwMDAwfX0=",
          "dependencies": [
            "aws_lb.example-alb",
            "aws_lb_target_group.example-alb-tg",
            "aws_security_group.alb-sg",
            "data.aws_subnets.default",
            "data.aws_vpc.default"
          ]
        }
      ]
    },
    {
      "mode": "managed",
      "type": "aws_lb_target_group",
      "name": "example-alb-tg",
      "provider": "provider[\"registry.terraform.io/hashicorp/aws\"]",
      "instances": [
        {
          "schema_version": 0,
          "attributes": {
            "arn": "arn:aws:elasticloadbalancing:ap-northeast-2:939735320461:targetgroup/example-alb-tg/99aef75ac5714c74",
            "arn_suffix": "targetgroup/example-alb-tg/99aef75ac5714c74",
            "connection_termination": null,
            "deregistration_delay": "300",
            "health_check": [
              {
                "enabled": true,
                "healthy_threshold": 3,
                "interval": 5,
                "matcher": "200",
                "path": "/index.html",
                "port": "8003",
                "protocol": "HTTP",
                "timeout": 2,
                "unhealthy_threshold": 3
              }
            ],
            "id": "arn:aws:elasticloadbalancing:ap-northeast-2:939735320461:targetgroup/example-alb-tg/99aef75ac5714c74",
            "ip_address_type": "ipv4",
            "lambda_multi_value_headers_enabled": false,
            "load_balancing_algorithm_type": "round_robin",
            "load_balancing_cross_zone_enabled": "use_load_balancer_configuration",
            "name": "example-alb-tg",
            "name_prefix": "",
            "port": 8003,
            "preserve_client_ip": null,
            "protocol": "HTTP",
            "protocol_version": "HTTP1",
            "proxy_protocol_v2": false,
            "slow_start": 0,
            "stickiness": [
              {
                "cookie_duration": 86400,
                "cookie_name": "",
                "enabled": false,
                "type": "lb_cookie"
              }
            ],
            "tags": {},
            "tags_all": {},
            "target_failover": [
              {
                "on_deregistration": null,
                "on_unhealthy": null
              }
            ],
            "target_health_state": [
              {
                "enable_unhealthy_connection_termination": null
              }
            ],
            "target_type": "instance",
            "vpc_id": "vpc-0be015e15a127a813"
          },
          "sensitive_attributes": [],
          "private": "bnVsbA==",
          "dependencies": [
            "data.aws_vpc.default"
          ]
        }
      ]
    },
    {
      "mode": "managed",
      "type": "aws_security_group",
      "name": "alb-sg",
      "provider": "provider[\"registry.terraform.io/hashicorp/aws\"]",
      "instances": [
        {
          "schema_version": 1,
          "attributes": {
            "arn": "arn:aws:ec2:ap-northeast-2:939735320461:security-group/sg-03c0a68fd7c753bc9",
            "description": "security group for instance",
            "egress": [
              {
                "cidr_blocks": [
                  "0.0.0.0/0"
                ],
                "description": "",
                "from_port": 0,
                "ipv6_cidr_blocks": [],
                "prefix_list_ids": [],
                "protocol": "-1",
                "security_groups": [],
                "self": false,
                "to_port": 0
              }
            ],
            "id": "sg-03c0a68fd7c753bc9",
            "ingress": [
              {
                "cidr_blocks": [
                  "0.0.0.0/0"
                ],
                "description": "Allow HTTP",
                "from_port": 80,
                "ipv6_cidr_blocks": [],
                "prefix_list_ids": [],
                "protocol": "tcp",
                "security_groups": [],
                "self": false,
                "to_port": 80
              },
              {
                "cidr_blocks": [
                  "0.0.0.0/0"
                ],
                "description": "Allow TLS",
                "from_port": 443,
                "ipv6_cidr_blocks": [],
                "prefix_list_ids": [],
                "protocol": "tcp",
                "security_groups": [],
                "self": false,
                "to_port": 443
              }
            ],
            "name": "alb-sg",
            "name_prefix": "",
            "owner_id": "939735320461",
            "revoke_rules_on_delete": false,
            "tags": {
              "Name": "alb-sg"
            },
            "tags_all": {
              "Name": "alb-sg"
            },
            "timeouts": null,
            "vpc_id": "vpc-0be015e15a127a813"
          },
          "sensitive_attributes": [],
          "private": "eyJlMmJmYjczMC1lY2FhLTExZTYtOGY4OC0zNDM2M2JjN2M0YzAiOnsiY3JlYXRlIjo2MDAwMDAwMDAwMDAsImRlbGV0ZSI6OTAwMDAwMDAwMDAwfSwic2NoZW1hX3ZlcnNpb24iOiIxIn0="
        }
      ]
    },
    {
      "mode": "managed",
      "type": "aws_security_group",
      "name": "instance-sg",
      "provider": "provider[\"registry.terraform.io/hashicorp/aws\"]",
      "instances": [
        {
          "schema_version": 1,
          "attributes": {
            "arn": "arn:aws:ec2:ap-northeast-2:939735320461:security-group/sg-0c2beee394b0788f1",
            "description": "security group for instance",
            "egress": [
              {
                "cidr_blocks": [
                  "0.0.0.0/0"
                ],
                "description": "",
                "from_port": 0,
                "ipv6_cidr_blocks": [],
                "prefix_list_ids": [],
                "protocol": "-1",
                "security_groups": [],
                "self": false,
                "to_port": 0
              }
            ],
            "id": "sg-0c2beee394b0788f1",
            "ingress": [
              {
                "cidr_blocks": [
                  "0.0.0.0/0"
                ],
                "description": "Allow HTTP",
                "from_port": 8003,
                "ipv6_cidr_blocks": [],
                "prefix_list_ids": [],
                "protocol": "tcp",
                "security_groups": [],
                "self": false,
                "to_port": 8003
              },
              {
                "cidr_blocks": [
                  "0.0.0.0/0"
                ],
                "description": "Allow ICMP",
                "from_port": 0,
                "ipv6_cidr_blocks": [],
                "prefix_list_ids": [],
                "protocol": "icmp",
                "security_groups": [],
                "self": false,
                "to_port": 0
              },
              {
                "cidr_blocks": [
                  "0.0.0.0/0"
                ],
                "description": "Allow SSH",
                "from_port": 22,
                "ipv6_cidr_blocks": [],
                "prefix_list_ids": [],
                "protocol": "tcp",
                "security_groups": [],
                "self": false,
                "to_port": 22
              },
              {
                "cidr_blocks": [
                  "0.0.0.0/0"
                ],
                "description": "Allow TLS",
                "from_port": 443,
                "ipv6_cidr_blocks": [],
                "prefix_list_ids": [],
                "protocol": "tcp",
                "security_groups": [],
                "self": false,
                "to_port": 443
              }
            ],
            "name": "instance-sg",
            "name_prefix": "",
            "owner_id": "939735320461",
            "revoke_rules_on_delete": false,
            "tags": {
              "Name": "instance-sg"
            },
            "tags_all": {
              "Name": "instance-sg"
            },
            "timeouts": null,
            "vpc_id": "vpc-0be015e15a127a813"
          },
          "sensitive_attributes": [],
          "private": "eyJlMmJmYjczMC1lY2FhLTExZTYtOGY4OC0zNDM2M2JjN2M0YzAiOnsiY3JlYXRlIjo2MDAwMDAwMDAwMDAsImRlbGV0ZSI6OTAwMDAwMDAwMDAwfSwic2NoZW1hX3ZlcnNpb24iOiIxIn0=",
          "create_before_destroy": true
        }
      ]
    }
  ],
  "check_results": null
}
