{
  "version": 4,
  "terraform_version": "1.11.4",
  "serial": 74,
  "lineage": "57647c1f-8a06-acc9-2d1b-d6043c287cfd",
  "outputs": {
    "public-IP": {
      "value": "211.183.3.74",
      "type": "string"
    }
  },
  "resources": [
    {
      "mode": "managed",
      "type": "openstack_compute_floatingip_associate_v2",
      "name": "fip_1",
      "provider": "provider[\"registry.terraform.io/terraform-provider-openstack/openstack\"]",
      "instances": [
        {
          "schema_version": 0,
          "attributes": {
            "fixed_ip": "172.16.1.175",
            "floating_ip": "211.183.3.74",
            "id": "211.183.3.74/5e12d34e-0ec1-4dcb-8dbf-ea8e3e9acb1d/172.16.1.175",
            "instance_id": "5e12d34e-0ec1-4dcb-8dbf-ea8e3e9acb1d",
            "region": "RegionOne",
            "timeouts": null,
            "wait_until_associated": null
          },
          "sensitive_attributes": [],
          "private": "eyJlMmJmYjczMC1lY2FhLTExZTYtOGY4OC0zNDM2M2JjN2M0YzAiOnsiY3JlYXRlIjo2MDAwMDAwMDAwMDB9fQ==",
          "dependencies": [
            "openstack_compute_instance_v2.basic",
            "openstack_compute_keypair_v2.keypair2",
            "openstack_networking_floatingip_v2.fip_1"
          ]
        }
      ]
    },
    {
      "mode": "managed",
      "type": "openstack_compute_instance_v2",
      "name": "basic",
      "provider": "provider[\"registry.terraform.io/terraform-provider-openstack/openstack\"]",
      "instances": [
        {
          "schema_version": 0,
          "attributes": {
            "access_ip_v4": "172.16.1.175",
            "access_ip_v6": "",
            "admin_pass": null,
            "all_metadata": {},
            "all_tags": [],
            "availability_zone": "nova",
            "availability_zone_hints": null,
            "block_device": [],
            "config_drive": null,
            "created": "2025-05-15 03:28:44 +0000 UTC",
            "flavor_id": "2",
            "flavor_name": "m1.small",
            "floating_ip": null,
            "force_delete": false,
            "id": "5e12d34e-0ec1-4dcb-8dbf-ea8e3e9acb1d",
            "image_id": "272911c7-88f2-42cb-b4d2-c1eeae3b7d4a",
            "image_name": "ubuntu",
            "key_pair": "testkey2",
            "metadata": null,
            "name": "ubuntu",
            "network": [
              {
                "access_network": false,
                "fixed_ip_v4": "172.16.1.175",
                "fixed_ip_v6": "",
                "floating_ip": "",
                "mac": "fa:16:3e:79:64:7c",
                "name": "mynet",
                "port": "",
                "uuid": "38a31aec-1cd2-4ca9-997e-c6b24d4e13dd"
              }
            ],
            "network_mode": null,
            "personality": [],
            "power_state": "active",
            "region": "RegionOne",
            "scheduler_hints": [],
            "security_groups": [
              "basicSG"
            ],
            "stop_before_destroy": false,
            "tags": [],
            "timeouts": null,
            "updated": "2025-05-15 03:28:56 +0000 UTC",
            "user_data": "40465b17be6c0bf6b629181124ea72d1d5d8c121",
            "vendor_options": [],
            "volume": []
          },
          "sensitive_attributes": [
            [
              {
                "type": "get_attr",
                "value": "admin_pass"
              }
            ]
          ],
          "private": "eyJlMmJmYjczMC1lY2FhLTExZTYtOGY4OC0zNDM2M2JjN2M0YzAiOnsiY3JlYXRlIjoxODAwMDAwMDAwMDAwLCJkZWxldGUiOjE4MDAwMDAwMDAwMDAsInVwZGF0ZSI6MTgwMDAwMDAwMDAwMH19",
          "dependencies": [
            "openstack_compute_keypair_v2.keypair2"
          ],
          "create_before_destroy": true
        }
      ]
    },
    {
      "mode": "managed",
      "type": "openstack_compute_keypair_v2",
      "name": "keypair2",
      "provider": "provider[\"registry.terraform.io/terraform-provider-openstack/openstack\"]",
      "instances": [
        {
          "schema_version": 0,
          "attributes": {
            "fingerprint": "ef:93:ab:0b:b3:a0:18:0b:24:da:ae:85:13:da:6f:1c",
            "id": "testkey2",
            "name": "testkey2",
            "private_key": "",
            "public_key": "ssh-rsa AAAAB3NzaC1yc2EAAAADAQABAAABgQCh7r8kFrwjYADGOjE14xlRMbdCTxhDRLKRBCWECnDOYQtIGHGO8B+i3dq3vn0BTRS4QUwjhjyTTy681053jJRQNeOTlNEW1+5X4OPwDINUq3SoLg8ihOYRfEbrNRoRuuCH2xrfP97BxHEonuUL8Quul0kR3K1LhuaTntJnRH/IU48ttcQ55bydMFNLZeXh3D5mB8SMUcg6xur7i0ofwbFUAlJm2Za75n9nErwtaJyWp2h2C7xjmW8I7kpvTozBjom6Xpts4sqHQa5TpUfwC0xKjFlzVhJsgZMSeQCbpwGSoXmXdtS6IxB3MA31Jg59OTdqg2dOR3j5KTtSLkU/6S36uPR/9HysOefgMoqcpHtTWaYHJQkmPhq5ck2YVcjbZxV9hievqE4wa/mLblf2b6uGVWJqvbRhENq+3nG6qE6SJnX0M7rz1uSep5C6vukSgPMSzvxhI/ZSkY/f6U1vSrAqxQ0ONWZG4JUV1jUmsNTZwXmXR9SmvizvnZwOapZfz4E= dso10@DESKTOP-1KKD145\r\n",
            "region": "RegionOne",
            "user_id": "",
            "value_specs": null
          },
          "sensitive_attributes": [
            [
              {
                "type": "get_attr",
                "value": "private_key"
              }
            ]
          ],
          "private": "bnVsbA==",
          "create_before_destroy": true
        }
      ]
    },
    {
      "mode": "managed",
      "type": "openstack_networking_floatingip_v2",
      "name": "fip_1",
      "provider": "provider[\"registry.terraform.io/terraform-provider-openstack/openstack\"]",
      "instances": [
        {
          "schema_version": 0,
          "attributes": {
            "address": "211.183.3.74",
            "all_tags": [],
            "description": "",
            "dns_domain": "",
            "dns_name": "",
            "fixed_ip": "172.16.1.175",
            "id": "14a7b6f2-b93a-4f47-8ab8-38dcfd87f480",
            "pool": "extnet",
            "port_id": "b3209038-e30f-4422-a43d-79b8eb93f5f6",
            "region": "RegionOne",
            "subnet_id": null,
            "subnet_ids": null,
            "tags": [],
            "tenant_id": "6c27cfd3326d43b382b5ca11b8f537c7",
            "timeouts": null,
            "value_specs": null
          },
          "sensitive_attributes": [],
          "private": "eyJlMmJmYjczMC1lY2FhLTExZTYtOGY4OC0zNDM2M2JjN2M0YzAiOnsiY3JlYXRlIjo2MDAwMDAwMDAwMDAsImRlbGV0ZSI6NjAwMDAwMDAwMDAwfX0="
        }
      ]
    },
    {
      "mode": "managed",
      "type": "openstack_networking_secgroup_rule_v2",
      "name": "ICMP",
      "provider": "provider[\"registry.terraform.io/terraform-provider-openstack/openstack\"]",
      "instances": [
        {
          "schema_version": 0,
          "attributes": {
            "description": "",
            "direction": "ingress",
            "ethertype": "IPv4",
            "id": "abf6fc16-12a8-4323-8332-34924078434d",
            "port_range_max": 0,
            "port_range_min": 0,
            "protocol": "icmp",
            "region": "RegionOne",
            "remote_group_id": "",
            "remote_ip_prefix": "",
            "security_group_id": "646f7b9c-a111-4307-af11-8eeea53efa4b",
            "tenant_id": "6c27cfd3326d43b382b5ca11b8f537c7",
            "timeouts": null
          },
          "sensitive_attributes": [],
          "private": "eyJlMmJmYjczMC1lY2FhLTExZTYtOGY4OC0zNDM2M2JjN2M0YzAiOnsiZGVsZXRlIjo2MDAwMDAwMDAwMDB9fQ==",
          "dependencies": [
            "openstack_networking_secgroup_v2.basicSG"
          ]
        }
      ]
    },
    {
      "mode": "managed",
      "type": "openstack_networking_secgroup_rule_v2",
      "name": "SSH",
      "provider": "provider[\"registry.terraform.io/terraform-provider-openstack/openstack\"]",
      "instances": [
        {
          "schema_version": 0,
          "attributes": {
            "description": "",
            "direction": "ingress",
            "ethertype": "IPv4",
            "id": "2f4258c0-651a-4a7b-b35e-f0ea04a470dd",
            "port_range_max": 22,
            "port_range_min": 22,
            "protocol": "tcp",
            "region": "RegionOne",
            "remote_group_id": "",
            "remote_ip_prefix": "0.0.0.0/0",
            "security_group_id": "646f7b9c-a111-4307-af11-8eeea53efa4b",
            "tenant_id": "6c27cfd3326d43b382b5ca11b8f537c7",
            "timeouts": null
          },
          "sensitive_attributes": [],
          "private": "eyJlMmJmYjczMC1lY2FhLTExZTYtOGY4OC0zNDM2M2JjN2M0YzAiOnsiZGVsZXRlIjo2MDAwMDAwMDAwMDB9fQ==",
          "dependencies": [
            "openstack_networking_secgroup_v2.basicSG"
          ]
        }
      ]
    },
    {
      "mode": "managed",
      "type": "openstack_networking_secgroup_rule_v2",
      "name": "http",
      "provider": "provider[\"registry.terraform.io/terraform-provider-openstack/openstack\"]",
      "instances": [
        {
          "schema_version": 0,
          "attributes": {
            "description": "",
            "direction": "ingress",
            "ethertype": "IPv4",
            "id": "aab34916-623e-4f5f-a41b-7d661367f8cc",
            "port_range_max": 80,
            "port_range_min": 80,
            "protocol": "tcp",
            "region": "RegionOne",
            "remote_group_id": "",
            "remote_ip_prefix": "0.0.0.0/0",
            "security_group_id": "646f7b9c-a111-4307-af11-8eeea53efa4b",
            "tenant_id": "6c27cfd3326d43b382b5ca11b8f537c7",
            "timeouts": null
          },
          "sensitive_attributes": [],
          "private": "eyJlMmJmYjczMC1lY2FhLTExZTYtOGY4OC0zNDM2M2JjN2M0YzAiOnsiZGVsZXRlIjo2MDAwMDAwMDAwMDB9fQ==",
          "dependencies": [
            "openstack_networking_secgroup_v2.basicSG"
          ]
        }
      ]
    },
    {
      "mode": "managed",
      "type": "openstack_networking_secgroup_v2",
      "name": "basicSG",
      "provider": "provider[\"registry.terraform.io/terraform-provider-openstack/openstack\"]",
      "instances": [
        {
          "schema_version": 0,
          "attributes": {
            "all_tags": [],
            "delete_default_rules": null,
            "description": "My neutron security group",
            "id": "646f7b9c-a111-4307-af11-8eeea53efa4b",
            "name": "basicSG",
            "region": "RegionOne",
            "tags": [],
            "tenant_id": "6c27cfd3326d43b382b5ca11b8f537c7",
            "timeouts": null
          },
          "sensitive_attributes": [],
          "private": "eyJlMmJmYjczMC1lY2FhLTExZTYtOGY4OC0zNDM2M2JjN2M0YzAiOnsiZGVsZXRlIjo2MDAwMDAwMDAwMDB9fQ=="
        }
      ]
    },
    {
      "mode": "managed",
      "type": "terraform_data",
      "name": "apply2",
      "provider": "provider[\"terraform.io/builtin/terraform\"]",
      "instances": [
        {
          "schema_version": 0,
          "attributes": {
            "id": "248237e8-2e17-6a0f-5a96-0c81ccc83dc8",
            "input": null,
            "output": null,
            "triggers_replace": null
          },
          "sensitive_attributes": [],
          "dependencies": [
            "openstack_networking_floatingip_v2.fip_1"
          ]
        }
      ]
    }
  ],
  "check_results": null
}
